// !$*UTF8*$!
{
	archiveVersion = 1;
	classes = {
	};
	objectVersion = 50;
	objects = {

/* Begin PBXBuildFile section */
		9F79BB3726C2E49B00C5654F /* AppDelegate.swift in Sources */ = {isa = PBXBuildFile; fileRef = 9F79BB3626C2E49B00C5654F /* AppDelegate.swift */; };
		9F79BB3926C2E49B00C5654F /* Shaders.metal in Sources */ = {isa = PBXBuildFile; fileRef = 9F79BB3826C2E49B00C5654F /* Shaders.metal */; };
		9F79BB3C26C2E49B00C5654F /* PointCloudRenderer.swift in Sources */ = {isa = PBXBuildFile; fileRef = 9F79BB3B26C2E49B00C5654F /* PointCloudRenderer.swift */; };
		9F79BB3E26C2E49B00C5654F /* PointCloudVC.swift in Sources */ = {isa = PBXBuildFile; fileRef = 9F79BB3D26C2E49B00C5654F /* PointCloudVC.swift */; };
		9F79BB4126C2E49B00C5654F /* Main.storyboard in Resources */ = {isa = PBXBuildFile; fileRef = 9F79BB3F26C2E49B00C5654F /* Main.storyboard */; };
		9F79BB4326C2E49D00C5654F /* Assets.xcassets in Resources */ = {isa = PBXBuildFile; fileRef = 9F79BB4226C2E49D00C5654F /* Assets.xcassets */; };
		9F79BB4626C2E49D00C5654F /* LaunchScreen.storyboard in Resources */ = {isa = PBXBuildFile; fileRef = 9F79BB4426C2E49D00C5654F /* LaunchScreen.storyboard */; };
		9F79BB5126C2E56300C5654F /* MainMenuVC.swift in Sources */ = {isa = PBXBuildFile; fileRef = 9F79BB5026C2E56300C5654F /* MainMenuVC.swift */; };
/* End PBXBuildFile section */

/* Begin PBXFileReference section */
		9F79BB3326C2E49B00C5654F /* ScanKit.app */ = {isa = PBXFileReference; explicitFileType = wrapper.application; includeInIndex = 0; path = ScanKit.app; sourceTree = BUILT_PRODUCTS_DIR; };
		9F79BB3626C2E49B00C5654F /* AppDelegate.swift */ = {isa = PBXFileReference; lastKnownFileType = sourcecode.swift; path = AppDelegate.swift; sourceTree = "<group>"; };
		9F79BB3826C2E49B00C5654F /* Shaders.metal */ = {isa = PBXFileReference; lastKnownFileType = sourcecode.metal; path = Shaders.metal; sourceTree = "<group>"; };
		9F79BB3A26C2E49B00C5654F /* ShaderTypes.h */ = {isa = PBXFileReference; lastKnownFileType = sourcecode.c.h; path = ShaderTypes.h; sourceTree = "<group>"; };
		9F79BB3B26C2E49B00C5654F /* PointCloudRenderer.swift */ = {isa = PBXFileReference; lastKnownFileType = sourcecode.swift; path = PointCloudRenderer.swift; sourceTree = "<group>"; };
		9F79BB3D26C2E49B00C5654F /* PointCloudVC.swift */ = {isa = PBXFileReference; lastKnownFileType = sourcecode.swift; path = PointCloudVC.swift; sourceTree = "<group>"; };
		9F79BB4026C2E49B00C5654F /* Base */ = {isa = PBXFileReference; lastKnownFileType = file.storyboard; name = Base; path = Base.lproj/Main.storyboard; sourceTree = "<group>"; };
		9F79BB4226C2E49D00C5654F /* Assets.xcassets */ = {isa = PBXFileReference; lastKnownFileType = folder.assetcatalog; path = Assets.xcassets; sourceTree = "<group>"; };
		9F79BB4526C2E49D00C5654F /* Base */ = {isa = PBXFileReference; lastKnownFileType = file.storyboard; name = Base; path = Base.lproj/LaunchScreen.storyboard; sourceTree = "<group>"; };
		9F79BB4726C2E49D00C5654F /* Info.plist */ = {isa = PBXFileReference; lastKnownFileType = text.plist.xml; path = Info.plist; sourceTree = "<group>"; };
		9F79BB4826C2E49D00C5654F /* ScanKit-Bridging-Header.h */ = {isa = PBXFileReference; lastKnownFileType = sourcecode.c.h; path = "ScanKit-Bridging-Header.h"; sourceTree = "<group>"; };
		9F79BB5026C2E56300C5654F /* MainMenuVC.swift */ = {isa = PBXFileReference; lastKnownFileType = sourcecode.swift; path = MainMenuVC.swift; sourceTree = "<group>"; };
/* End PBXFileReference section */

/* Begin PBXFrameworksBuildPhase section */
		9F79BB3026C2E49B00C5654F /* Frameworks */ = {
			isa = PBXFrameworksBuildPhase;
			buildActionMask = 2147483647;
			files = (
			);
			runOnlyForDeploymentPostprocessing = 0;
		};
/* End PBXFrameworksBuildPhase section */

/* Begin PBXGroup section */
		9F79BB2A26C2E49B00C5654F = {
			isa = PBXGroup;
			children = (
				9F79BB3526C2E49B00C5654F /* ScanKit */,
				9F79BB3426C2E49B00C5654F /* Products */,
			);
			sourceTree = "<group>";
		};
		9F79BB3426C2E49B00C5654F /* Products */ = {
			isa = PBXGroup;
			children = (
				9F79BB3326C2E49B00C5654F /* ScanKit.app */,
			);
			name = Products;
			sourceTree = "<group>";
		};
		9F79BB3526C2E49B00C5654F /* ScanKit */ = {
			isa = PBXGroup;
			children = (
				9F79BB3626C2E49B00C5654F /* AppDelegate.swift */,
				9F79BB3826C2E49B00C5654F /* Shaders.metal */,
				9F79BB3A26C2E49B00C5654F /* ShaderTypes.h */,
				9F79BB3B26C2E49B00C5654F /* PointCloudRenderer.swift */,
				9F79BB3D26C2E49B00C5654F /* PointCloudVC.swift */,
				9F79BB3F26C2E49B00C5654F /* Main.storyboard */,
				9F79BB4226C2E49D00C5654F /* Assets.xcassets */,
				9F79BB4426C2E49D00C5654F /* LaunchScreen.storyboard */,
				9F79BB4726C2E49D00C5654F /* Info.plist */,
				9F79BB4826C2E49D00C5654F /* ScanKit-Bridging-Header.h */,
				9F79BB5026C2E56300C5654F /* MainMenuVC.swift */,
			);
			path = ScanKit;
			sourceTree = "<group>";
		};
/* End PBXGroup section */

/* Begin PBXNativeTarget section */
		9F79BB3226C2E49B00C5654F /* ScanKit */ = {
			isa = PBXNativeTarget;
			buildConfigurationList = 9F79BB4B26C2E49D00C5654F /* Build configuration list for PBXNativeTarget "ScanKit" */;
			buildPhases = (
				9F79BB2F26C2E49B00C5654F /* Sources */,
				9F79BB3026C2E49B00C5654F /* Frameworks */,
				9F79BB3126C2E49B00C5654F /* Resources */,
			);
			buildRules = (
			);
			dependencies = (
			);
			name = ScanKit;
			productName = ScanKit;
			productReference = 9F79BB3326C2E49B00C5654F /* ScanKit.app */;
			productType = "com.apple.product-type.application";
		};
/* End PBXNativeTarget section */

/* Begin PBXProject section */
		9F79BB2B26C2E49B00C5654F /* Project object */ = {
			isa = PBXProject;
			attributes = {
				LastSwiftUpdateCheck = 1250;
				LastUpgradeCheck = 1250;
				TargetAttributes = {
					9F79BB3226C2E49B00C5654F = {
						CreatedOnToolsVersion = 12.5.1;
					};
				};
			};
			buildConfigurationList = 9F79BB2E26C2E49B00C5654F /* Build configuration list for PBXProject "ScanKit" */;
			compatibilityVersion = "Xcode 9.3";
			developmentRegion = en;
			hasScannedForEncodings = 0;
			knownRegions = (
				en,
				Base,
			);
			mainGroup = 9F79BB2A26C2E49B00C5654F;
			productRefGroup = 9F79BB3426C2E49B00C5654F /* Products */;
			projectDirPath = "";
			projectRoot = "";
			targets = (
				9F79BB3226C2E49B00C5654F /* ScanKit */,
			);
		};
/* End PBXProject section */

/* Begin PBXResourcesBuildPhase section */
		9F79BB3126C2E49B00C5654F /* Resources */ = {
			isa = PBXResourcesBuildPhase;
			buildActionMask = 2147483647;
			files = (
				9F79BB4626C2E49D00C5654F /* LaunchScreen.storyboard in Resources */,
				9F79BB4326C2E49D00C5654F /* Assets.xcassets in Resources */,
				9F79BB4126C2E49B00C5654F /* Main.storyboard in Resources */,
			);
			runOnlyForDeploymentPostprocessing = 0;
		};
/* End PBXResourcesBuildPhase section */

/* Begin PBXSourcesBuildPhase section */
		9F79BB2F26C2E49B00C5654F /* Sources */ = {
			isa = PBXSourcesBuildPhase;
			buildActionMask = 2147483647;
			files = (
				9F79BB3926C2E49B00C5654F /* Shaders.metal in Sources */,
				9F79BB5126C2E56300C5654F /* MainMenuVC.swift in Sources */,
				9F79BB3C26C2E49B00C5654F /* PointCloudRenderer.swift in Sources */,
				9F79BB3E26C2E49B00C5654F /* PointCloudVC.swift in Sources */,
				9F79BB3726C2E49B00C5654F /* AppDelegate.swift in Sources */,
			);
			runOnlyForDeploymentPostprocessing = 0;
		};
/* End PBXSourcesBuildPhase section */

/* Begin PBXVariantGroup section */
		9F79BB3F26C2E49B00C5654F /* Main.storyboard */ = {
			isa = PBXVariantGroup;
			children = (
				9F79BB4026C2E49B00C5654F /* Base */,
			);
			name = Main.storyboard;
			sourceTree = "<group>";
		};
		9F79BB4426C2E49D00C5654F /* LaunchScreen.storyboard */ = {
			isa = PBXVariantGroup;
			children = (
				9F79BB4526C2E49D00C5654F /* Base */,
			);
			name = LaunchScreen.storyboard;
			sourceTree = "<group>";
		};
/* End PBXVariantGroup section */

/* Begin XCBuildConfiguration section */
		9F79BB4926C2E49D00C5654F /* Debug */ = {
			isa = XCBuildConfiguration;
			buildSettings = {
				ALWAYS_SEARCH_USER_PATHS = NO;
				CLANG_ANALYZER_NONNULL = YES;
				CLANG_ANALYZER_NUMBER_OBJECT_CONVERSION = YES_AGGRESSIVE;
				CLANG_CXX_LANGUAGE_STANDARD = "gnu++14";
				CLANG_CXX_LIBRARY = "libc++";
				CLANG_ENABLE_MODULES = YES;
				CLANG_ENABLE_OBJC_ARC = YES;
				CLANG_ENABLE_OBJC_WEAK = YES;
				CLANG_WARN_BLOCK_CAPTURE_AUTORELEASING = YES;
				CLANG_WARN_BOOL_CONVERSION = YES;
				CLANG_WARN_COMMA = YES;
				CLANG_WARN_CONSTANT_CONVERSION = YES;
				CLANG_WARN_DEPRECATED_OBJC_IMPLEMENTATIONS = YES;
				CLANG_WARN_DIRECT_OBJC_ISA_USAGE = YES_ERROR;
				CLANG_WARN_DOCUMENTATION_COMMENTS = YES;
				CLANG_WARN_EMPTY_BODY = YES;
				CLANG_WARN_ENUM_CONVERSION = YES;
				CLANG_WARN_INFINITE_RECURSION = YES;
				CLANG_WARN_INT_CONVERSION = YES;
				CLANG_WARN_NON_LITERAL_NULL_CONVERSION = YES;
				CLANG_WARN_OBJC_IMPLICIT_RETAIN_SELF = YES;
				CLANG_WARN_OBJC_LITERAL_CONVERSION = YES;
				CLANG_WARN_OBJC_ROOT_CLASS = YES_ERROR;
				CLANG_WARN_QUOTED_INCLUDE_IN_FRAMEWORK_HEADER = YES;
				CLANG_WARN_RANGE_LOOP_ANALYSIS = YES;
				CLANG_WARN_STRICT_PROTOTYPES = YES;
				CLANG_WARN_SUSPICIOUS_MOVE = YES;
				CLANG_WARN_UNGUARDED_AVAILABILITY = YES_AGGRESSIVE;
				CLANG_WARN_UNREACHABLE_CODE = YES;
				CLANG_WARN__DUPLICATE_METHOD_MATCH = YES;
				COPY_PHASE_STRIP = NO;
				DEBUG_INFORMATION_FORMAT = dwarf;
				ENABLE_STRICT_OBJC_MSGSEND = YES;
				ENABLE_TESTABILITY = YES;
				GCC_C_LANGUAGE_STANDARD = gnu11;
				GCC_DYNAMIC_NO_PIC = NO;
				GCC_NO_COMMON_BLOCKS = YES;
				GCC_OPTIMIZATION_LEVEL = 0;
				GCC_PREPROCESSOR_DEFINITIONS = (
					"DEBUG=1",
					"$(inherited)",
				);
				GCC_WARN_64_TO_32_BIT_CONVERSION = YES;
				GCC_WARN_ABOUT_RETURN_TYPE = YES_ERROR;
				GCC_WARN_UNDECLARED_SELECTOR = YES;
				GCC_WARN_UNINITIALIZED_AUTOS = YES_AGGRESSIVE;
				GCC_WARN_UNUSED_FUNCTION = YES;
				GCC_WARN_UNUSED_VARIABLE = YES;
				IPHONEOS_DEPLOYMENT_TARGET = 14.5;
				MTL_ENABLE_DEBUG_INFO = INCLUDE_SOURCE;
				MTL_FAST_MATH = YES;
				ONLY_ACTIVE_ARCH = YES;
				SDKROOT = iphoneos;
				SWIFT_ACTIVE_COMPILATION_CONDITIONS = DEBUG;
				SWIFT_OPTIMIZATION_LEVEL = "-Onone";
			};
			name = Debug;
		};
		9F79BB4A26C2E49D00C5654F /* Release */ = {
			isa = XCBuildConfiguration;
			buildSettings = {
				ALWAYS_SEARCH_USER_PATHS = NO;
				CLANG_ANALYZER_NONNULL = YES;
				CLANG_ANALYZER_NUMBER_OBJECT_CONVERSION = YES_AGGRESSIVE;
				CLANG_CXX_LANGUAGE_STANDARD = "gnu++14";
				CLANG_CXX_LIBRARY = "libc++";
				CLANG_ENABLE_MODULES = YES;
				CLANG_ENABLE_OBJC_ARC = YES;
				CLANG_ENABLE_OBJC_WEAK = YES;
				CLANG_WARN_BLOCK_CAPTURE_AUTORELEASING = YES;
				CLANG_WARN_BOOL_CONVERSION = YES;
				CLANG_WARN_COMMA = YES;
				CLANG_WARN_CONSTANT_CONVERSION = YES;
				CLANG_WARN_DEPRECATED_OBJC_IMPLEMENTATIONS = YES;
				CLANG_WARN_DIRECT_OBJC_ISA_USAGE = YES_ERROR;
				CLANG_WARN_DOCUMENTATION_COMMENTS = YES;
				CLANG_WARN_EMPTY_BODY = YES;
				CLANG_WARN_ENUM_CONVERSION = YES;
				CLANG_WARN_INFINITE_RECURSION = YES;
				CLANG_WARN_INT_CONVERSION = YES;
				CLANG_WARN_NON_LITERAL_NULL_CONVERSION = YES;
				CLANG_WARN_OBJC_IMPLICIT_RETAIN_SELF = YES;
				CLANG_WARN_OBJC_LITERAL_CONVERSION = YES;
				CLANG_WARN_OBJC_ROOT_CLASS = YES_ERROR;
				CLANG_WARN_QUOTED_INCLUDE_IN_FRAMEWORK_HEADER = YES;
				CLANG_WARN_RANGE_LOOP_ANALYSIS = YES;
				CLANG_WARN_STRICT_PROTOTYPES = YES;
				CLANG_WARN_SUSPICIOUS_MOVE = YES;
				CLANG_WARN_UNGUARDED_AVAILABILITY = YES_AGGRESSIVE;
				CLANG_WARN_UNREACHABLE_CODE = YES;
				CLANG_WARN__DUPLICATE_METHOD_MATCH = YES;
				COPY_PHASE_STRIP = NO;
				DEBUG_INFORMATION_FORMAT = "dwarf-with-dsym";
				ENABLE_NS_ASSERTIONS = NO;
				ENABLE_STRICT_OBJC_MSGSEND = YES;
				GCC_C_LANGUAGE_STANDARD = gnu11;
				GCC_NO_COMMON_BLOCKS = YES;
				GCC_WARN_64_TO_32_BIT_CONVERSION = YES;
				GCC_WARN_ABOUT_RETURN_TYPE = YES_ERROR;
				GCC_WARN_UNDECLARED_SELECTOR = YES;
				GCC_WARN_UNINITIALIZED_AUTOS = YES_AGGRESSIVE;
				GCC_WARN_UNUSED_FUNCTION = YES;
				GCC_WARN_UNUSED_VARIABLE = YES;
				IPHONEOS_DEPLOYMENT_TARGET = 14.5;
				MTL_ENABLE_DEBUG_INFO = NO;
				MTL_FAST_MATH = YES;
				SDKROOT = iphoneos;
				SWIFT_COMPILATION_MODE = wholemodule;
				SWIFT_OPTIMIZATION_LEVEL = "-O";
				VALIDATE_PRODUCT = YES;
			};
			name = Release;
		};
		9F79BB4C26C2E49D00C5654F /* Debug */ = {
			isa = XCBuildConfiguration;
			buildSettings = {
				ASSETCATALOG_COMPILER_APPICON_NAME = AppIcon;
				ASSETCATALOG_COMPILER_GLOBAL_ACCENT_COLOR_NAME = AccentColor;
				CODE_SIGN_STYLE = Automatic;
				DEVELOPMENT_TEAM = JXK358SFX2;
				INFOPLIST_FILE = ScanKit/Info.plist;
				LD_RUNPATH_SEARCH_PATHS = (
					"$(inherited)",
					"@executable_path/Frameworks",
				);
				PRODUCT_BUNDLE_IDENTIFIER = HPI.ScanKit;
				PRODUCT_NAME = "$(TARGET_NAME)";
				SWIFT_OBJC_BRIDGING_HEADER = "ScanKit/ScanKit-Bridging-Header.h";
				SWIFT_VERSION = 5.0;
				TARGETED_DEVICE_FAMILY = "1,2";
			};
			name = Debug;
		};
		9F79BB4D26C2E49D00C5654F /* Release */ = {
			isa = XCBuildConfiguration;
			buildSettings = {
				ASSETCATALOG_COMPILER_APPICON_NAME = AppIcon;
				ASSETCATALOG_COMPILER_GLOBAL_ACCENT_COLOR_NAME = AccentColor;
				CODE_SIGN_STYLE = Automatic;
				DEVELOPMENT_TEAM = JXK358SFX2;
				INFOPLIST_FILE = ScanKit/Info.plist;
				LD_RUNPATH_SEARCH_PATHS = (
					"$(inherited)",
					"@executable_path/Frameworks",
				);
				PRODUCT_BUNDLE_IDENTIFIER = HPI.ScanKit;
				PRODUCT_NAME = "$(TARGET_NAME)";
				SWIFT_OBJC_BRIDGING_HEADER = "ScanKit/ScanKit-Bridging-Header.h";
				SWIFT_VERSION = 5.0;
				TARGETED_DEVICE_FAMILY = "1,2";
			};
			name = Release;
		};
/* End XCBuildConfiguration section */

/* Begin XCConfigurationList section */
		9F79BB2E26C2E49B00C5654F /* Build configuration list for PBXProject "ScanKit" */ = {
			isa = XCConfigurationList;
			buildConfigurations = (
				9F79BB4926C2E49D00C5654F /* Debug */,
				9F79BB4A26C2E49D00C5654F /* Release */,
			);
			defaultConfigurationIsVisible = 0;
			defaultConfigurationName = Release;
		};
		9F79BB4B26C2E49D00C5654F /* Build configuration list for PBXNativeTarget "ScanKit" */ = {
			isa = XCConfigurationList;
			buildConfigurations = (
				9F79BB4C26C2E49D00C5654F /* Debug */,
				9F79BB4D26C2E49D00C5654F /* Release */,
			);
			defaultConfigurationIsVisible = 0;
			defaultConfigurationName = Release;
		};
/* End XCConfigurationList section */
	};
	rootObject = 9F79BB2B26C2E49B00C5654F /* Project object */;
}
