// !$*UTF8*$!
{
	archiveVersion = 1;
	classes = {
	};
	objectVersion = 51;
	objects = {

/* Begin PBXBuildFile section */
		9F79BB3726C2E49B00C5654F /* AppDelegate.swift in Sources */ = {isa = PBXBuildFile; fileRef = 9F79BB3626C2E49B00C5654F /* AppDelegate.swift */; };
		9F79BB3926C2E49B00C5654F /* Shaders.metal in Sources */ = {isa = PBXBuildFile; fileRef = 9F79BB3826C2E49B00C5654F /* Shaders.metal */; };
		9F79BB4126C2E49B00C5654F /* Main.storyboard in Resources */ = {isa = PBXBuildFile; fileRef = 9F79BB3F26C2E49B00C5654F /* Main.storyboard */; };
		9F79BB4326C2E49D00C5654F /* Assets.xcassets in Resources */ = {isa = PBXBuildFile; fileRef = 9F79BB4226C2E49D00C5654F /* Assets.xcassets */; };
		9F79BB4626C2E49D00C5654F /* LaunchScreen.storyboard in Resources */ = {isa = PBXBuildFile; fileRef = 9F79BB4426C2E49D00C5654F /* LaunchScreen.storyboard */; };
		9F79BB5126C2E56300C5654F /* SetupVC.swift in Sources */ = {isa = PBXBuildFile; fileRef = 9F79BB5026C2E56300C5654F /* SetupVC.swift */; };
		9FD5F6C426D249CA00A45B31 /* RawDataCollector.swift in Sources */ = {isa = PBXBuildFile; fileRef = 9FD5F6C326D249CA00A45B31 /* RawDataCollector.swift */; };
		9FD5F6C726D24AB900A45B31 /* VideoWriter.swift in Sources */ = {isa = PBXBuildFile; fileRef = 9FD5F6C626D24AB900A45B31 /* VideoWriter.swift */; };
		9FD5F6C926D24B6A00A45B31 /* SequenceMetaInfo.swift in Sources */ = {isa = PBXBuildFile; fileRef = 9FD5F6C826D24B6A00A45B31 /* SequenceMetaInfo.swift */; };
		9FD5F6CB26D24E4E00A45B31 /* PixelBufferCollectionWriter.swift in Sources */ = {isa = PBXBuildFile; fileRef = 9FD5F6CA26D24E4E00A45B31 /* PixelBufferCollectionWriter.swift */; };
		9FD5F6CD26D24F7600A45B31 /* FrameCollectionWriter.swift in Sources */ = {isa = PBXBuildFile; fileRef = 9FD5F6CC26D24F7600A45B31 /* FrameCollectionWriter.swift */; };
		9FD5F6CF26D24FA800A45B31 /* Encodables.swift in Sources */ = {isa = PBXBuildFile; fileRef = 9FD5F6CE26D24FA800A45B31 /* Encodables.swift */; };
		9FFDF84726C3D659001B6016 /* UIClasses.swift in Sources */ = {isa = PBXBuildFile; fileRef = 9FFDF84626C3D659001B6016 /* UIClasses.swift */; };
		9FFDF84926C3E474001B6016 /* ScanVC.swift in Sources */ = {isa = PBXBuildFile; fileRef = 9FFDF84826C3E474001B6016 /* ScanVC.swift */; };
		9FFDF84B26C3E4A3001B6016 /* Extensions.swift in Sources */ = {isa = PBXBuildFile; fileRef = 9FFDF84A26C3E4A3001B6016 /* Extensions.swift */; };
		9FFDF84D26C3E50E001B6016 /* Globals.swift in Sources */ = {isa = PBXBuildFile; fileRef = 9FFDF84C26C3E50E001B6016 /* Globals.swift */; };
		9FFDF84F26C3E562001B6016 /* ScanRenderer.swift in Sources */ = {isa = PBXBuildFile; fileRef = 9FFDF84E26C3E562001B6016 /* ScanRenderer.swift */; };
		9FFDF85826C82970001B6016 /* ScanConfig.swift in Sources */ = {isa = PBXBuildFile; fileRef = 9FFDF85726C82970001B6016 /* ScanConfig.swift */; };
		9FFDF85A26C82DB1001B6016 /* ARManager.swift in Sources */ = {isa = PBXBuildFile; fileRef = 9FFDF85926C82DB1001B6016 /* ARManager.swift */; };
		9FFDF85C26CC1D6E001B6016 /* MetalBuffer.swift in Sources */ = {isa = PBXBuildFile; fileRef = 9FFDF85B26CC1D6E001B6016 /* MetalBuffer.swift */; };
		9FFDF85E26CC32F7001B6016 /* ParticlesManager.swift in Sources */ = {isa = PBXBuildFile; fileRef = 9FFDF85D26CC32F7001B6016 /* ParticlesManager.swift */; };
		D8E33E0C26EE689C5AB5790F /* Pods_ScanKit.framework in Frameworks */ = {isa = PBXBuildFile; fileRef = BD8AD5DDD6A579256119E23A /* Pods_ScanKit.framework */; };
/* End PBXBuildFile section */

/* Begin PBXFileReference section */
		780F84BB0C62C0B48C95CA40 /* Pods-ScanKit.debug.xcconfig */ = {isa = PBXFileReference; includeInIndex = 1; lastKnownFileType = text.xcconfig; name = "Pods-ScanKit.debug.xcconfig"; path = "Target Support Files/Pods-ScanKit/Pods-ScanKit.debug.xcconfig"; sourceTree = "<group>"; };
		9F79BB3326C2E49B00C5654F /* ScanKit.app */ = {isa = PBXFileReference; explicitFileType = wrapper.application; includeInIndex = 0; path = ScanKit.app; sourceTree = BUILT_PRODUCTS_DIR; };
		9F79BB3626C2E49B00C5654F /* AppDelegate.swift */ = {isa = PBXFileReference; lastKnownFileType = sourcecode.swift; path = AppDelegate.swift; sourceTree = "<group>"; };
		9F79BB3826C2E49B00C5654F /* Shaders.metal */ = {isa = PBXFileReference; lastKnownFileType = sourcecode.metal; path = Shaders.metal; sourceTree = "<group>"; };
		9F79BB3A26C2E49B00C5654F /* ShaderTypes.h */ = {isa = PBXFileReference; lastKnownFileType = sourcecode.c.h; path = ShaderTypes.h; sourceTree = "<group>"; };
		9F79BB4026C2E49B00C5654F /* Base */ = {isa = PBXFileReference; lastKnownFileType = file.storyboard; name = Base; path = Base.lproj/Main.storyboard; sourceTree = "<group>"; };
		9F79BB4226C2E49D00C5654F /* Assets.xcassets */ = {isa = PBXFileReference; lastKnownFileType = folder.assetcatalog; path = Assets.xcassets; sourceTree = "<group>"; };
		9F79BB4526C2E49D00C5654F /* Base */ = {isa = PBXFileReference; lastKnownFileType = file.storyboard; name = Base; path = Base.lproj/LaunchScreen.storyboard; sourceTree = "<group>"; };
		9F79BB4726C2E49D00C5654F /* Info.plist */ = {isa = PBXFileReference; lastKnownFileType = text.plist.xml; path = Info.plist; sourceTree = "<group>"; };
		9F79BB4826C2E49D00C5654F /* ScanKit-Bridging-Header.h */ = {isa = PBXFileReference; lastKnownFileType = sourcecode.c.h; path = "ScanKit-Bridging-Header.h"; sourceTree = "<group>"; };
		9F79BB5026C2E56300C5654F /* SetupVC.swift */ = {isa = PBXFileReference; lastKnownFileType = sourcecode.swift; path = SetupVC.swift; sourceTree = "<group>"; };
		9FD5F6C326D249CA00A45B31 /* RawDataCollector.swift */ = {isa = PBXFileReference; lastKnownFileType = sourcecode.swift; path = RawDataCollector.swift; sourceTree = "<group>"; };
		9FD5F6C626D24AB900A45B31 /* VideoWriter.swift */ = {isa = PBXFileReference; lastKnownFileType = sourcecode.swift; path = VideoWriter.swift; sourceTree = "<group>"; };
		9FD5F6C826D24B6A00A45B31 /* SequenceMetaInfo.swift */ = {isa = PBXFileReference; lastKnownFileType = sourcecode.swift; path = SequenceMetaInfo.swift; sourceTree = "<group>"; };
		9FD5F6CA26D24E4E00A45B31 /* PixelBufferCollectionWriter.swift */ = {isa = PBXFileReference; lastKnownFileType = sourcecode.swift; path = PixelBufferCollectionWriter.swift; sourceTree = "<group>"; };
		9FD5F6CC26D24F7600A45B31 /* FrameCollectionWriter.swift */ = {isa = PBXFileReference; lastKnownFileType = sourcecode.swift; path = FrameCollectionWriter.swift; sourceTree = "<group>"; };
		9FD5F6CE26D24FA800A45B31 /* Encodables.swift */ = {isa = PBXFileReference; lastKnownFileType = sourcecode.swift; path = Encodables.swift; sourceTree = "<group>"; };
		9FFDF84626C3D659001B6016 /* UIClasses.swift */ = {isa = PBXFileReference; lastKnownFileType = sourcecode.swift; path = UIClasses.swift; sourceTree = "<group>"; };
		9FFDF84826C3E474001B6016 /* ScanVC.swift */ = {isa = PBXFileReference; lastKnownFileType = sourcecode.swift; path = ScanVC.swift; sourceTree = "<group>"; };
		9FFDF84A26C3E4A3001B6016 /* Extensions.swift */ = {isa = PBXFileReference; lastKnownFileType = sourcecode.swift; path = Extensions.swift; sourceTree = "<group>"; };
		9FFDF84C26C3E50E001B6016 /* Globals.swift */ = {isa = PBXFileReference; lastKnownFileType = sourcecode.swift; path = Globals.swift; sourceTree = "<group>"; };
		9FFDF84E26C3E562001B6016 /* ScanRenderer.swift */ = {isa = PBXFileReference; lastKnownFileType = sourcecode.swift; path = ScanRenderer.swift; sourceTree = "<group>"; };
		9FFDF85726C82970001B6016 /* ScanConfig.swift */ = {isa = PBXFileReference; lastKnownFileType = sourcecode.swift; path = ScanConfig.swift; sourceTree = "<group>"; };
		9FFDF85926C82DB1001B6016 /* ARManager.swift */ = {isa = PBXFileReference; lastKnownFileType = sourcecode.swift; path = ARManager.swift; sourceTree = "<group>"; };
		9FFDF85B26CC1D6E001B6016 /* MetalBuffer.swift */ = {isa = PBXFileReference; lastKnownFileType = sourcecode.swift; path = MetalBuffer.swift; sourceTree = "<group>"; };
		9FFDF85D26CC32F7001B6016 /* ParticlesManager.swift */ = {isa = PBXFileReference; lastKnownFileType = sourcecode.swift; path = ParticlesManager.swift; sourceTree = "<group>"; };
		AB9C32CC0FE5E326F25A4369 /* Pods-ScanKit.release.xcconfig */ = {isa = PBXFileReference; includeInIndex = 1; lastKnownFileType = text.xcconfig; name = "Pods-ScanKit.release.xcconfig"; path = "Target Support Files/Pods-ScanKit/Pods-ScanKit.release.xcconfig"; sourceTree = "<group>"; };
		BD8AD5DDD6A579256119E23A /* Pods_ScanKit.framework */ = {isa = PBXFileReference; explicitFileType = wrapper.framework; includeInIndex = 0; path = Pods_ScanKit.framework; sourceTree = BUILT_PRODUCTS_DIR; };
/* End PBXFileReference section */

/* Begin PBXFrameworksBuildPhase section */
		9F79BB3026C2E49B00C5654F /* Frameworks */ = {
			isa = PBXFrameworksBuildPhase;
			buildActionMask = 2147483647;
			files = (
				D8E33E0C26EE689C5AB5790F /* Pods_ScanKit.framework in Frameworks */,
			);
			runOnlyForDeploymentPostprocessing = 0;
		};
/* End PBXFrameworksBuildPhase section */

/* Begin PBXGroup section */
		71880A0BF27F01D51F212D11 /* Frameworks */ = {
			isa = PBXGroup;
			children = (
				BD8AD5DDD6A579256119E23A /* Pods_ScanKit.framework */,
			);
			name = Frameworks;
			sourceTree = "<group>";
		};
		9F79BB2A26C2E49B00C5654F = {
			isa = PBXGroup;
			children = (
				9F79BB3526C2E49B00C5654F /* ScanKit */,
				9F79BB3426C2E49B00C5654F /* Products */,
				FF311D5235A0B7FA890115E3 /* Pods */,
				71880A0BF27F01D51F212D11 /* Frameworks */,
			);
			sourceTree = "<group>";
		};
		9F79BB3426C2E49B00C5654F /* Products */ = {
			isa = PBXGroup;
			children = (
				9F79BB3326C2E49B00C5654F /* ScanKit.app */,
			);
			name = Products;
			sourceTree = "<group>";
		};
		9F79BB3526C2E49B00C5654F /* ScanKit */ = {
			isa = PBXGroup;
			children = (
				9FD5F6D026D2AA0100A45B31 /* Rendering */,
				9FD5F6C526D24AAB00A45B31 /* RawDataWriter */,
				9FFDF85326C3E797001B6016 /* General */,
				9FFDF84826C3E474001B6016 /* ScanVC.swift */,
				9F79BB5026C2E56300C5654F /* SetupVC.swift */,
				9FFDF85726C82970001B6016 /* ScanConfig.swift */,
				9FFDF85926C82DB1001B6016 /* ARManager.swift */,
				9FFDF85D26CC32F7001B6016 /* ParticlesManager.swift */,
				9FD5F6C326D249CA00A45B31 /* RawDataCollector.swift */,
			);
			path = ScanKit;
			sourceTree = "<group>";
		};
		9FD5F6C526D24AAB00A45B31 /* RawDataWriter */ = {
			isa = PBXGroup;
			children = (
				9FD5F6C626D24AB900A45B31 /* VideoWriter.swift */,
				9FD5F6C826D24B6A00A45B31 /* SequenceMetaInfo.swift */,
				9FD5F6CA26D24E4E00A45B31 /* PixelBufferCollectionWriter.swift */,
				9FD5F6CC26D24F7600A45B31 /* FrameCollectionWriter.swift */,
				9FD5F6CE26D24FA800A45B31 /* Encodables.swift */,
			);
			path = RawDataWriter;
			sourceTree = "<group>";
		};
		9FD5F6D026D2AA0100A45B31 /* Rendering */ = {
			isa = PBXGroup;
			children = (
				9F79BB3826C2E49B00C5654F /* Shaders.metal */,
				9FFDF84E26C3E562001B6016 /* ScanRenderer.swift */,
				9F79BB3A26C2E49B00C5654F /* ShaderTypes.h */,
			);
			name = Rendering;
			sourceTree = "<group>";
		};
		9FFDF85326C3E797001B6016 /* General */ = {
			isa = PBXGroup;
			children = (
				9F79BB4226C2E49D00C5654F /* Assets.xcassets */,
				9F79BB3626C2E49B00C5654F /* AppDelegate.swift */,
				9F79BB3F26C2E49B00C5654F /* Main.storyboard */,
				9F79BB4426C2E49D00C5654F /* LaunchScreen.storyboard */,
				9F79BB4726C2E49D00C5654F /* Info.plist */,
				9F79BB4826C2E49D00C5654F /* ScanKit-Bridging-Header.h */,
				9FFDF84626C3D659001B6016 /* UIClasses.swift */,
				9FFDF84A26C3E4A3001B6016 /* Extensions.swift */,
				9FFDF84C26C3E50E001B6016 /* Globals.swift */,
				9FFDF85B26CC1D6E001B6016 /* MetalBuffer.swift */,
			);
			name = General;
			sourceTree = "<group>";
		};
		FF311D5235A0B7FA890115E3 /* Pods */ = {
			isa = PBXGroup;
			children = (
				780F84BB0C62C0B48C95CA40 /* Pods-ScanKit.debug.xcconfig */,
				AB9C32CC0FE5E326F25A4369 /* Pods-ScanKit.release.xcconfig */,
			);
			path = Pods;
			sourceTree = "<group>";
		};
/* End PBXGroup section */

/* Begin PBXNativeTarget section */
		9F79BB3226C2E49B00C5654F /* ScanKit */ = {
			isa = PBXNativeTarget;
			buildConfigurationList = 9F79BB4B26C2E49D00C5654F /* Build configuration list for PBXNativeTarget "ScanKit" */;
			buildPhases = (
				1E0042C914E5072E5FCF9DDB /* [CP] Check Pods Manifest.lock */,
				9F79BB2F26C2E49B00C5654F /* Sources */,
				9F79BB3026C2E49B00C5654F /* Frameworks */,
				9F79BB3126C2E49B00C5654F /* Resources */,
				67433EC67E6117C7FC442888 /* [CP] Embed Pods Frameworks */,
			);
			buildRules = (
			);
			dependencies = (
			);
			name = ScanKit;
			productName = ScanKit;
			productReference = 9F79BB3326C2E49B00C5654F /* ScanKit.app */;
			productType = "com.apple.product-type.application";
		};
/* End PBXNativeTarget section */

/* Begin PBXProject section */
		9F79BB2B26C2E49B00C5654F /* Project object */ = {
			isa = PBXProject;
			attributes = {
				LastSwiftUpdateCheck = 1250;
				LastUpgradeCheck = 1250;
				TargetAttributes = {
					9F79BB3226C2E49B00C5654F = {
						CreatedOnToolsVersion = 12.5.1;
					};
				};
			};
			buildConfigurationList = 9F79BB2E26C2E49B00C5654F /* Build configuration list for PBXProject "ScanKit" */;
			compatibilityVersion = "Xcode 9.3";
			developmentRegion = en;
			hasScannedForEncodings = 0;
			knownRegions = (
				en,
				Base,
			);
			mainGroup = 9F79BB2A26C2E49B00C5654F;
			productRefGroup = 9F79BB3426C2E49B00C5654F /* Products */;
			projectDirPath = "";
			projectRoot = "";
			targets = (
				9F79BB3226C2E49B00C5654F /* ScanKit */,
			);
		};
/* End PBXProject section */

/* Begin PBXResourcesBuildPhase section */
		9F79BB3126C2E49B00C5654F /* Resources */ = {
			isa = PBXResourcesBuildPhase;
			buildActionMask = 2147483647;
			files = (
				9F79BB4626C2E49D00C5654F /* LaunchScreen.storyboard in Resources */,
				9F79BB4326C2E49D00C5654F /* Assets.xcassets in Resources */,
				9F79BB4126C2E49B00C5654F /* Main.storyboard in Resources */,
			);
			runOnlyForDeploymentPostprocessing = 0;
		};
/* End PBXResourcesBuildPhase section */

/* Begin PBXShellScriptBuildPhase section */
		1E0042C914E5072E5FCF9DDB /* [CP] Check Pods Manifest.lock */ = {
			isa = PBXShellScriptBuildPhase;
			buildActionMask = 2147483647;
			files = (
			);
			inputFileListPaths = (
			);
			inputPaths = (
				"${PODS_PODFILE_DIR_PATH}/Podfile.lock",
				"${PODS_ROOT}/Manifest.lock",
			);
			name = "[CP] Check Pods Manifest.lock";
			outputFileListPaths = (
			);
			outputPaths = (
				"$(DERIVED_FILE_DIR)/Pods-ScanKit-checkManifestLockResult.txt",
			);
			runOnlyForDeploymentPostprocessing = 0;
			shellPath = /bin/sh;
			shellScript = "diff \"${PODS_PODFILE_DIR_PATH}/Podfile.lock\" \"${PODS_ROOT}/Manifest.lock\" > /dev/null\nif [ $? != 0 ] ; then\n    # print error to STDERR\n    echo \"error: The sandbox is not in sync with the Podfile.lock. Run 'pod install' or update your CocoaPods installation.\" >&2\n    exit 1\nfi\n# This output is used by Xcode 'outputs' to avoid re-running this script phase.\necho \"SUCCESS\" > \"${SCRIPT_OUTPUT_FILE_0}\"\n";
			showEnvVarsInLog = 0;
		};
		67433EC67E6117C7FC442888 /* [CP] Embed Pods Frameworks */ = {
			isa = PBXShellScriptBuildPhase;
			buildActionMask = 2147483647;
			files = (
			);
			inputFileListPaths = (
				"${PODS_ROOT}/Target Support Files/Pods-ScanKit/Pods-ScanKit-frameworks-${CONFIGURATION}-input-files.xcfilelist",
			);
			name = "[CP] Embed Pods Frameworks";
			outputFileListPaths = (
				"${PODS_ROOT}/Target Support Files/Pods-ScanKit/Pods-ScanKit-frameworks-${CONFIGURATION}-output-files.xcfilelist",
			);
			runOnlyForDeploymentPostprocessing = 0;
			shellPath = /bin/sh;
			shellScript = "\"${PODS_ROOT}/Target Support Files/Pods-ScanKit/Pods-ScanKit-frameworks.sh\"\n";
			showEnvVarsInLog = 0;
		};
/* End PBXShellScriptBuildPhase section */

/* Begin PBXSourcesBuildPhase section */
		9F79BB2F26C2E49B00C5654F /* Sources */ = {
			isa = PBXSourcesBuildPhase;
			buildActionMask = 2147483647;
			files = (
				9F79BB3926C2E49B00C5654F /* Shaders.metal in Sources */,
				9FD5F6C426D249CA00A45B31 /* RawDataCollector.swift in Sources */,
				9FFDF84F26C3E562001B6016 /* ScanRenderer.swift in Sources */,
				9FD5F6CB26D24E4E00A45B31 /* PixelBufferCollectionWriter.swift in Sources */,
				9F79BB5126C2E56300C5654F /* SetupVC.swift in Sources */,
				9FD5F6C726D24AB900A45B31 /* VideoWriter.swift in Sources */,
				9FFDF85C26CC1D6E001B6016 /* MetalBuffer.swift in Sources */,
				9FD5F6CD26D24F7600A45B31 /* FrameCollectionWriter.swift in Sources */,
				9FFDF84926C3E474001B6016 /* ScanVC.swift in Sources */,
				9FFDF85A26C82DB1001B6016 /* ARManager.swift in Sources */,
				9FFDF85826C82970001B6016 /* ScanConfig.swift in Sources */,
				9FFDF84B26C3E4A3001B6016 /* Extensions.swift in Sources */,
				9FD5F6C926D24B6A00A45B31 /* SequenceMetaInfo.swift in Sources */,
				9FFDF84726C3D659001B6016 /* UIClasses.swift in Sources */,
				9F79BB3726C2E49B00C5654F /* AppDelegate.swift in Sources */,
				9FFDF84D26C3E50E001B6016 /* Globals.swift in Sources */,
				9FFDF85E26CC32F7001B6016 /* ParticlesManager.swift in Sources */,
				9FD5F6CF26D24FA800A45B31 /* Encodables.swift in Sources */,
			);
			runOnlyForDeploymentPostprocessing = 0;
		};
/* End PBXSourcesBuildPhase section */

/* Begin PBXVariantGroup section */
		9F79BB3F26C2E49B00C5654F /* Main.storyboard */ = {
			isa = PBXVariantGroup;
			children = (
				9F79BB4026C2E49B00C5654F /* Base */,
			);
			name = Main.storyboard;
			sourceTree = "<group>";
		};
		9F79BB4426C2E49D00C5654F /* LaunchScreen.storyboard */ = {
			isa = PBXVariantGroup;
			children = (
				9F79BB4526C2E49D00C5654F /* Base */,
			);
			name = LaunchScreen.storyboard;
			sourceTree = "<group>";
		};
/* End PBXVariantGroup section */

/* Begin XCBuildConfiguration section */
		9F79BB4926C2E49D00C5654F /* Debug */ = {
			isa = XCBuildConfiguration;
			buildSettings = {
				ALWAYS_SEARCH_USER_PATHS = NO;
				CLANG_ANALYZER_NONNULL = YES;
				CLANG_ANALYZER_NUMBER_OBJECT_CONVERSION = YES_AGGRESSIVE;
				CLANG_CXX_LANGUAGE_STANDARD = "gnu++14";
				CLANG_CXX_LIBRARY = "libc++";
				CLANG_ENABLE_MODULES = YES;
				CLANG_ENABLE_OBJC_ARC = YES;
				CLANG_ENABLE_OBJC_WEAK = YES;
				CLANG_WARN_BLOCK_CAPTURE_AUTORELEASING = YES;
				CLANG_WARN_BOOL_CONVERSION = YES;
				CLANG_WARN_COMMA = YES;
				CLANG_WARN_CONSTANT_CONVERSION = YES;
				CLANG_WARN_DEPRECATED_OBJC_IMPLEMENTATIONS = YES;
				CLANG_WARN_DIRECT_OBJC_ISA_USAGE = YES_ERROR;
				CLANG_WARN_DOCUMENTATION_COMMENTS = YES;
				CLANG_WARN_EMPTY_BODY = YES;
				CLANG_WARN_ENUM_CONVERSION = YES;
				CLANG_WARN_INFINITE_RECURSION = YES;
				CLANG_WARN_INT_CONVERSION = YES;
				CLANG_WARN_NON_LITERAL_NULL_CONVERSION = YES;
				CLANG_WARN_OBJC_IMPLICIT_RETAIN_SELF = YES;
				CLANG_WARN_OBJC_LITERAL_CONVERSION = YES;
				CLANG_WARN_OBJC_ROOT_CLASS = YES_ERROR;
				CLANG_WARN_QUOTED_INCLUDE_IN_FRAMEWORK_HEADER = YES;
				CLANG_WARN_RANGE_LOOP_ANALYSIS = YES;
				CLANG_WARN_STRICT_PROTOTYPES = YES;
				CLANG_WARN_SUSPICIOUS_MOVE = YES;
				CLANG_WARN_UNGUARDED_AVAILABILITY = YES_AGGRESSIVE;
				CLANG_WARN_UNREACHABLE_CODE = YES;
				CLANG_WARN__DUPLICATE_METHOD_MATCH = YES;
				COPY_PHASE_STRIP = NO;
				DEBUG_INFORMATION_FORMAT = dwarf;
				ENABLE_STRICT_OBJC_MSGSEND = YES;
				ENABLE_TESTABILITY = YES;
				GCC_C_LANGUAGE_STANDARD = gnu11;
				GCC_DYNAMIC_NO_PIC = NO;
				GCC_NO_COMMON_BLOCKS = YES;
				GCC_OPTIMIZATION_LEVEL = 0;
				GCC_PREPROCESSOR_DEFINITIONS = (
					"DEBUG=1",
					"$(inherited)",
				);
				GCC_WARN_64_TO_32_BIT_CONVERSION = YES;
				GCC_WARN_ABOUT_RETURN_TYPE = YES_ERROR;
				GCC_WARN_UNDECLARED_SELECTOR = YES;
				GCC_WARN_UNINITIALIZED_AUTOS = YES_AGGRESSIVE;
				GCC_WARN_UNUSED_FUNCTION = YES;
				GCC_WARN_UNUSED_VARIABLE = YES;
				IPHONEOS_DEPLOYMENT_TARGET = 14.5;
				MTL_ENABLE_DEBUG_INFO = INCLUDE_SOURCE;
				MTL_FAST_MATH = YES;
				ONLY_ACTIVE_ARCH = YES;
				SDKROOT = iphoneos;
				SWIFT_ACTIVE_COMPILATION_CONDITIONS = DEBUG;
				SWIFT_OPTIMIZATION_LEVEL = "-Onone";
			};
			name = Debug;
		};
		9F79BB4A26C2E49D00C5654F /* Release */ = {
			isa = XCBuildConfiguration;
			buildSettings = {
				ALWAYS_SEARCH_USER_PATHS = NO;
				CLANG_ANALYZER_NONNULL = YES;
				CLANG_ANALYZER_NUMBER_OBJECT_CONVERSION = YES_AGGRESSIVE;
				CLANG_CXX_LANGUAGE_STANDARD = "gnu++14";
				CLANG_CXX_LIBRARY = "libc++";
				CLANG_ENABLE_MODULES = YES;
				CLANG_ENABLE_OBJC_ARC = YES;
				CLANG_ENABLE_OBJC_WEAK = YES;
				CLANG_WARN_BLOCK_CAPTURE_AUTORELEASING = YES;
				CLANG_WARN_BOOL_CONVERSION = YES;
				CLANG_WARN_COMMA = YES;
				CLANG_WARN_CONSTANT_CONVERSION = YES;
				CLANG_WARN_DEPRECATED_OBJC_IMPLEMENTATIONS = YES;
				CLANG_WARN_DIRECT_OBJC_ISA_USAGE = YES_ERROR;
				CLANG_WARN_DOCUMENTATION_COMMENTS = YES;
				CLANG_WARN_EMPTY_BODY = YES;
				CLANG_WARN_ENUM_CONVERSION = YES;
				CLANG_WARN_INFINITE_RECURSION = YES;
				CLANG_WARN_INT_CONVERSION = YES;
				CLANG_WARN_NON_LITERAL_NULL_CONVERSION = YES;
				CLANG_WARN_OBJC_IMPLICIT_RETAIN_SELF = YES;
				CLANG_WARN_OBJC_LITERAL_CONVERSION = YES;
				CLANG_WARN_OBJC_ROOT_CLASS = YES_ERROR;
				CLANG_WARN_QUOTED_INCLUDE_IN_FRAMEWORK_HEADER = YES;
				CLANG_WARN_RANGE_LOOP_ANALYSIS = YES;
				CLANG_WARN_STRICT_PROTOTYPES = YES;
				CLANG_WARN_SUSPICIOUS_MOVE = YES;
				CLANG_WARN_UNGUARDED_AVAILABILITY = YES_AGGRESSIVE;
				CLANG_WARN_UNREACHABLE_CODE = YES;
				CLANG_WARN__DUPLICATE_METHOD_MATCH = YES;
				COPY_PHASE_STRIP = NO;
				DEBUG_INFORMATION_FORMAT = "dwarf-with-dsym";
				ENABLE_NS_ASSERTIONS = NO;
				ENABLE_STRICT_OBJC_MSGSEND = YES;
				GCC_C_LANGUAGE_STANDARD = gnu11;
				GCC_NO_COMMON_BLOCKS = YES;
				GCC_WARN_64_TO_32_BIT_CONVERSION = YES;
				GCC_WARN_ABOUT_RETURN_TYPE = YES_ERROR;
				GCC_WARN_UNDECLARED_SELECTOR = YES;
				GCC_WARN_UNINITIALIZED_AUTOS = YES_AGGRESSIVE;
				GCC_WARN_UNUSED_FUNCTION = YES;
				GCC_WARN_UNUSED_VARIABLE = YES;
				IPHONEOS_DEPLOYMENT_TARGET = 14.5;
				MTL_ENABLE_DEBUG_INFO = NO;
				MTL_FAST_MATH = YES;
				SDKROOT = iphoneos;
				SWIFT_COMPILATION_MODE = wholemodule;
				SWIFT_OPTIMIZATION_LEVEL = "-O";
				VALIDATE_PRODUCT = YES;
			};
			name = Release;
		};
		9F79BB4C26C2E49D00C5654F /* Debug */ = {
			isa = XCBuildConfiguration;
			baseConfigurationReference = 780F84BB0C62C0B48C95CA40 /* Pods-ScanKit.debug.xcconfig */;
			buildSettings = {
				ASSETCATALOG_COMPILER_APPICON_NAME = AppIcon;
				ASSETCATALOG_COMPILER_GLOBAL_ACCENT_COLOR_NAME = AccentColor;
				CODE_SIGN_STYLE = Automatic;
				DEVELOPMENT_TEAM = JXK358SFX2;
				INFOPLIST_FILE = ScanKit/Info.plist;
				LD_RUNPATH_SEARCH_PATHS = (
					"$(inherited)",
					"@executable_path/Frameworks",
				);
				MARKETING_VERSION = 1.00.09;
				PRODUCT_BUNDLE_IDENTIFIER = "com.kenneth-schroeder.scankit";
				PRODUCT_NAME = "$(TARGET_NAME)";
				SWIFT_OBJC_BRIDGING_HEADER = "ScanKit/ScanKit-Bridging-Header.h";
				SWIFT_VERSION = 5.0;
				TARGETED_DEVICE_FAMILY = "1,2";
			};
			name = Debug;
		};
		9F79BB4D26C2E49D00C5654F /* Release */ = {
			isa = XCBuildConfiguration;
			baseConfigurationReference = AB9C32CC0FE5E326F25A4369 /* Pods-ScanKit.release.xcconfig */;
			buildSettings = {
				ASSETCATALOG_COMPILER_APPICON_NAME = AppIcon;
				ASSETCATALOG_COMPILER_GLOBAL_ACCENT_COLOR_NAME = AccentColor;
				CODE_SIGN_STYLE = Automatic;
				DEVELOPMENT_TEAM = JXK358SFX2;
				INFOPLIST_FILE = ScanKit/Info.plist;
				LD_RUNPATH_SEARCH_PATHS = (
					"$(inherited)",
					"@executable_path/Frameworks",
				);
				MARKETING_VERSION = 1.00.09;
				PRODUCT_BUNDLE_IDENTIFIER = "com.kenneth-schroeder.scankit";
				PRODUCT_NAME = "$(TARGET_NAME)";
				SWIFT_OBJC_BRIDGING_HEADER = "ScanKit/ScanKit-Bridging-Header.h";
				SWIFT_VERSION = 5.0;
				TARGETED_DEVICE_FAMILY = "1,2";
			};
			name = Release;
		};
/* End XCBuildConfiguration section */

/* Begin XCConfigurationList section */
		9F79BB2E26C2E49B00C5654F /* Build configuration list for PBXProject "ScanKit" */ = {
			isa = XCConfigurationList;
			buildConfigurations = (
				9F79BB4926C2E49D00C5654F /* Debug */,
				9F79BB4A26C2E49D00C5654F /* Release */,
			);
			defaultConfigurationIsVisible = 0;
			defaultConfigurationName = Release;
		};
		9F79BB4B26C2E49D00C5654F /* Build configuration list for PBXNativeTarget "ScanKit" */ = {
			isa = XCConfigurationList;
			buildConfigurations = (
				9F79BB4C26C2E49D00C5654F /* Debug */,
				9F79BB4D26C2E49D00C5654F /* Release */,
			);
			defaultConfigurationIsVisible = 0;
			defaultConfigurationName = Release;
		};
/* End XCConfigurationList section */
	};
	rootObject = 9F79BB2B26C2E49B00C5654F /* Project object */;
}
